
Microsoft Visual Studio Solution File, Format Version 11.00
# Visual Studio 2010
# SharpDevelop 5.1
Project("{FAE04EC0-301F-11D3-BF4B-00C04F79EFBC}") = "TelegramBotBase", "TelegramBotBase\TelegramBotBase.csproj", "{F38B9C73-B045-425B-90AA-5413A7CB4B6C}"
EndProject
Global
	GlobalSection(SolutionConfigurationPlatforms) = preSolution
		Debug|Any CPU = Debug|Any CPU
		Release|Any CPU = Release|Any CPU
		Debug2|Any CPU = Debug2|Any CPU
	EndGlobalSection
	GlobalSection(ProjectConfigurationPlatforms) = postSolution
		{F38B9C73-B045-425B-90AA-5413A7CB4B6C}.Debug|Any CPU.ActiveCfg = Debug|Any CPU
		{F38B9C73-B045-425B-90AA-5413A7CB4B6C}.Debug|Any CPU.Build.0 = Debug|Any CPU
		{F38B9C73-B045-425B-90AA-5413A7CB4B6C}.Release|Any CPU.ActiveCfg = Release|Any CPU
		{F38B9C73-B045-425B-90AA-5413A7CB4B6C}.Release|Any CPU.Build.0 = Release|Any CPU
		{F38B9C73-B045-425B-90AA-5413A7CB4B6C}.Debug2|Any CPU.ActiveCfg = Debug2|Any CPU
		{F38B9C73-B045-425B-90AA-5413A7CB4B6C}.Debug2|Any CPU.Build.0 = Debug2|Any CPU
	EndGlobalSection
EndGlobal
